
Microsoft Visual Studio Solution File, Format Version 11.00
# Visual Studio 2010
Project("{8BC9CEB8-8B4A-11D0-8D11-00A0C91BC942}") = "MoneyMessage", "MoneyMessage\MoneyMessage.vcxproj", "{C714B244-D5D7-4C0D-9CA7-F0A3D4B28DB0}"
EndProject
Global
	GlobalSection(SolutionConfigurationPlatforms) = preSolution
		Debug|Win32 = Debug|Win32
		Release|Win32 = Release|Win32
	EndGlobalSection
	GlobalSection(ProjectConfigurationPlatforms) = postSolution
		{C714B244-D5D7-4C0D-9CA7-F0A3D4B28DB0}.Debug|Win32.ActiveCfg = Debug|Win32
		{C714B244-D5D7-4C0D-9CA7-F0A3D4B28DB0}.Debug|Win32.Build.0 = Debug|Win32
		{C714B244-D5D7-4C0D-9CA7-F0A3D4B28DB0}.Release|Win32.ActiveCfg = Release|Win32
		{C714B244-D5D7-4C0D-9CA7-F0A3D4B28DB0}.Release|Win32.Build.0 = Release|Win32
	EndGlobalSection
	GlobalSection(SolutionProperties) = preSolution
		HideSolutionNode = FALSE
	EndGlobalSection
EndGlobal
